{
  "name": "pet-app-backend",
  "version": "1.0.0",
  "lockfileVersion": 3,
  "requires": true,
  "packages": {
    "": {
      "name": "pet-app-backend",
      "version": "1.0.0",
      "license": "ISC",
      "dependencies": {
        "commander": "^11.1.0",
        "nanoid": "^3.3.4"
      },
      "devDependencies": {
        "nodemod": "^3.0.6"
      }
    },
    "node_modules/commander": {
      "version": "11.1.0",
      "resolved": "https://registry.npmjs.org/commander/-/commander-11.1.0.tgz",
      "integrity": "sha512-yPVavfyCcRhmorC7rWlkHn15b4wDVgVmBA7kV4QVBsF7kv/9TKJAbAXVTxvTnwP8HHKjRCJDClKbciiYS7p0DQ==",
      "engines": {
        "node": ">=16"
      }
    },
    "node_modules/lit-ntml": {
      "version": "3.0.6",
      "resolved": "https://registry.npmjs.org/lit-ntml/-/lit-ntml-3.0.6.tgz",
      "integrity": "sha512-PTxjoB1rgwGkfd8lN8agw7MeCojG2voJRBl2G/HBWH6mwsFobqUs+8NSymwPuFCFaAOuxlIVn42aahi3NhD0yg==",
      "dev": true,
      "hasInstallScript": true,
      "dependencies": {
        "parse5": "^6.0.1",
        "tslib": "^2.0.2"
      },
      "engines": {
        "node": ">= 16.x",
        "npm": ">= 8.x"
      }
    },
    "node_modules/lodash-es": {
      "version": "4.17.21",
      "resolved": "https://registry.npmjs.org/lodash-es/-/lodash-es-4.17.21.tgz",
      "integrity": "sha512-mKnC+QJ9pWVzv+C4/U3rRsHapFfHvQFoFB92e52xeyGMcX6/OlIl78je1u8vePzYZSkkogMPJ2yjxxsb89cxyw==",
      "dev": true
    },
    "node_modules/nanoid": {
      "version": "3.3.4",
      "resolved": "https://registry.npmjs.org/nanoid/-/nanoid-3.3.4.tgz",
      "integrity": "sha512-MqBkQh/OHTS2egovRtLk45wEyNXwF+cokD+1YPf9u5VfJiRdAiRwB2froX5Co9Rh20xs4siNPm8naNotSD6RBw==",
      "bin": {
        "nanoid": "bin/nanoid.cjs"
      },
      "engines": {
        "node": "^10 || ^12 || ^13.7 || ^14 || >=15.0.1"
      }
    },
    "node_modules/nodemod": {
      "version": "3.0.6",
      "resolved": "https://registry.npmjs.org/nodemod/-/nodemod-3.0.6.tgz",
      "integrity": "sha512-XsW1ydsY8Dh7IyBIVsF8QFVNlBOUHMEJ8BNLzj8G9O27/g3KqfvfGZ8LFP3cOFcksZQ7skQdNVsgx+A7E56wMg==",
      "dev": true,
      "hasInstallScript": true,
      "dependencies": {
        "lit-ntml": "^3.0.6",
        "lodash-es": "^4.17.21",
        "normalize-diacritics": "^3.0.6",
        "tslib": "^2.3.0"
      },
      "engines": {
        "node": ">= 16.x",
        "npm": ">= 8.x"
      }
    },
    "node_modules/normalize-diacritics": {
      "version": "3.0.12",
      "resolved": "https://registry.npmjs.org/normalize-diacritics/-/normalize-diacritics-3.0.12.tgz",
      "integrity": "sha512-uNeOao4V5dt1gDr+mFjOWZ+LS7LCZ0oRpNyKvPsQdO9ftAqBs3C9VZquj2+9B1sv72y77IyWIzSTrqxvnXCi/g==",
      "dev": true,
      "dependencies": {
        "tslib": "^2.1.0"
      },
      "engines": {
        "node": ">= 14.x",
        "npm": ">= 6.x"
      }
    },
    "node_modules/parse5": {
      "version": "6.0.1",
      "resolved": "https://registry.npmjs.org/parse5/-/parse5-6.0.1.tgz",
      "integrity": "sha512-Ofn/CTFzRGTTxwpNEs9PP93gXShHcTq255nzRYSKe8AkVpZY7e1fpmTfOyoIvjP5HG7Z2ZM7VS9PPhQGW2pOpw==",
      "dev": true
    },
    "node_modules/tslib": {
      "version": "2.6.2",
      "resolved": "https://registry.npmjs.org/tslib/-/tslib-2.6.2.tgz",
      "integrity": "sha512-AEYxH93jGFPn/a2iVAwW87VuUIkR1FVUKB77NwMF7nBTDkDrrT/Hpt/IrCJ0QXhW27jTBDcf5ZY7w6RiqTMw2Q==",
      "dev": true
    }
  }
}
